
Microsoft Visual Studio Solution File, Format Version 12.00
# Visual Studio 15
VisualStudioVersion = 15.0.27703.2035
MinimumVisualStudioVersion = 10.0.40219.1
Project("{FAE04EC0-301F-11D3-BF4B-00C04F79EFBC}") = "ProofOfWorkUI03", "ProofOfWorkUI03\ProofOfWorkUI03.csproj", "{6A8DE042-2E38-42AF-9648-7D91812DDD74}"
EndProject
Global
	GlobalSection(SolutionConfigurationPlatforms) = preSolution
		Debug|Any CPU = Debug|Any CPU
		Release|Any CPU = Release|Any CPU
	EndGlobalSection
	GlobalSection(ProjectConfigurationPlatforms) = postSolution
		{6A8DE042-2E38-42AF-9648-7D91812DDD74}.Debug|Any CPU.ActiveCfg = Debug|Any CPU
		{6A8DE042-2E38-42AF-9648-7D91812DDD74}.Debug|Any CPU.Build.0 = Debug|Any CPU
		{6A8DE042-2E38-42AF-9648-7D91812DDD74}.Release|Any CPU.ActiveCfg = Release|Any CPU
		{6A8DE042-2E38-42AF-9648-7D91812DDD74}.Release|Any CPU.Build.0 = Release|Any CPU
	EndGlobalSection
	GlobalSection(SolutionProperties) = preSolution
		HideSolutionNode = FALSE
	EndGlobalSection
	GlobalSection(ExtensibilityGlobals) = postSolution
		SolutionGuid = {7E330F7D-EB55-43E3-A19C-D0F61E65FA6A}
	EndGlobalSection
EndGlobal
